Microsoft Visual Studio Solution File, Format Version 11.00
# Visual Studio 2008

Project("{355AF26A-C015-F800-765E-685ED069D0AE}") = "Slime Revenge", "Assembly-CSharp.csproj", "{687B8C8C-F597-587E-2414-D91C918A7157}"
EndProject
Global
	GlobalSection(SolutionConfigurationPlatforms) = preSolution
		Debug|Any CPU = Debug|Any CPU
		Release|Any CPU = Release|Any CPU
	EndGlobalSection
	GlobalSection(ProjectConfigurationPlatforms) = postSolution
		{687B8C8C-F597-587E-2414-D91C918A7157}.Debug|Any CPU.ActiveCfg = Debug|Any CPU
		{687B8C8C-F597-587E-2414-D91C918A7157}.Debug|Any CPU.Build.0 = Debug|Any CPU
		{687B8C8C-F597-587E-2414-D91C918A7157}.Release|Any CPU.ActiveCfg = Release|Any CPU
		{687B8C8C-F597-587E-2414-D91C918A7157}.Release|Any CPU.Build.0 = Release|Any CPU
	EndGlobalSection
	GlobalSection(SolutionProperties) = preSolution
		HideSolutionNode = FALSE
	EndGlobalSection
	GlobalSection(MonoDevelopProperties) = preSolution
		StartupItem = Assembly-CSharp.csproj
	EndGlobalSection
EndGlobal
